{
  "name": "user-workspace",
  "lockfileVersion": 3,
  "requires": true,
  "packages": {
    "": {
      "dependencies": {
        "bash": "^0.0.1",
        "fish": "^0.0.0",
        "zsh": "^0.0.1"
      }
    },
    "node_modules/bash": {
      "version": "0.0.1",
      "resolved": "https://registry.npmjs.org/bash/-/bash-0.0.1.tgz",
      "integrity": "sha512-5hOttlJ2LXV7XmahX/cYwoezrqEGMdy5Uie4dj4yvw4scR0WrJmlQfufqPf24Mt6Bk6SbE9j87k02yBMfoQqVQ==",
      "engines": {
        "node": "*"
      }
    },
    "node_modules/fish": {
      "version": "0.0.0",
      "resolved": "https://registry.npmjs.org/fish/-/fish-0.0.0.tgz",
      "integrity": "sha512-m2rv6VWfFnwWJvLptLkkvEloKN078wWIlCkcrdnl88APzowfOx/4cGCiPn/g4ZU5LKI5EP/SZSvyRUrC+VcXMw==",
      "engines": {
        "node": "~0.6.6"
      }
    },
    "node_modules/zsh": {
      "version": "0.0.1",
      "resolved": "https://registry.npmjs.org/zsh/-/zsh-0.0.1.tgz",
      "integrity": "sha512-JFVRW6WWrsXoGJfnEvY0f/g2MKtTRZPOY+8VwIMvm/ThpH5YaWySc49Mx8Q0VK4SA4aIEAPXqmrFh46xjdqwJA=="
    }
  }
}
